Microsoft Visual Studio Solution File, Format Version 12.00
# Visual Studio Version 17
VisualStudioVersion = 17.5.2.0
MinimumVisualStudioVersion = 10.0.40219.1
Project("{2150E333-8FDC-42A3-9474-1A3956D46DE8}") = "Demos", "Demos", "{FA8A28C8-4B59-8028-2ACF-626D05B08DB7}"
EndProject
Project("{FAE04EC0-301F-11D3-BF4B-00C04F79EFBC}") = "AskLISA.Blazor", "Demos\AskLISA.Blazor\AskLISA.Blazor.csproj", "{DD9E7885-39AE-6534-44C8-C5C866C2396A}"
EndProject
Global
	GlobalSection(SolutionConfigurationPlatforms) = preSolution
		Debug|Any CPU = Debug|Any CPU
		Release|Any CPU = Release|Any CPU
	EndGlobalSection
	GlobalSection(ProjectConfigurationPlatforms) = postSolution
		{DD9E7885-39AE-6534-44C8-C5C866C2396A}.Debug|Any CPU.ActiveCfg = Debug|Any CPU
		{DD9E7885-39AE-6534-44C8-C5C866C2396A}.Debug|Any CPU.Build.0 = Debug|Any CPU
		{DD9E7885-39AE-6534-44C8-C5C866C2396A}.Release|Any CPU.ActiveCfg = Release|Any CPU
		{DD9E7885-39AE-6534-44C8-C5C866C2396A}.Release|Any CPU.Build.0 = Release|Any CPU
	EndGlobalSection
	GlobalSection(SolutionProperties) = preSolution
		HideSolutionNode = FALSE
	EndGlobalSection
	GlobalSection(NestedProjects) = preSolution
		{DD9E7885-39AE-6534-44C8-C5C866C2396A} = {FA8A28C8-4B59-8028-2ACF-626D05B08DB7}
	EndGlobalSection
	GlobalSection(ExtensibilityGlobals) = postSolution
		SolutionGuid = {966B4029-93FC-4D27-AC32-AD878CF55BD4}
	EndGlobalSection
EndGlobal
